{
  "name": "ll-isarrowfunc",
  "version": "1.0.0",
  "lockfileVersion": 1,
  "requires": true,
  "dependencies": {
    "ll-type": {
      "version": "1.0.0",
      "resolved": "https://registry.npmjs.org/ll-type/-/ll-type-1.0.0.tgz",
      "integrity": "sha512-Ep4lwyr7vSDZ9lwNqtgFg7jgBpyBEsLSpuJLenYAXfm7dzC0HdtUqPE0eqdpkgntkCjLi9U9L4+o0Sq4C5+24A=="
    }
  }
}
